
Microsoft Visual Studio Solution File, Format Version 12.00
# Visual Studio Version 16
VisualStudioVersion = 16.0.32602.291
MinimumVisualStudioVersion = 10.0.40219.1
Project("{9A19103F-16F7-4668-BE54-9A1E7A4F7556}") = "Hub.Core", "Hub.Core\Hub.Core.csproj", "{2E3C4212-D11F-4C86-BBE9-0E7E4AA3EE3D}"
EndProject
Project("{9A19103F-16F7-4668-BE54-9A1E7A4F7556}") = "Hub.Retailer.Tests", "Hub.Retailer.Tests\Hub.Retailer.Tests.csproj", "{3947D764-F9B8-4A33-AA3D-B4CA502278C7}"
EndProject
Project("{9A19103F-16F7-4668-BE54-9A1E7A4F7556}") = "Hub.Retailer.Common", "Hub.Retailer.Common\Hub.Retailer.Common.csproj", "{F860B058-A450-4BD7-8FAB-8FB80515353C}"
EndProject
Global
	GlobalSection(SolutionConfigurationPlatforms) = preSolution
		Debug|Any CPU = Debug|Any CPU
		Release|Any CPU = Release|Any CPU
	EndGlobalSection
	GlobalSection(ProjectConfigurationPlatforms) = postSolution
		{2E3C4212-D11F-4C86-BBE9-0E7E4AA3EE3D}.Debug|Any CPU.ActiveCfg = Debug|Any CPU
		{2E3C4212-D11F-4C86-BBE9-0E7E4AA3EE3D}.Debug|Any CPU.Build.0 = Debug|Any CPU
		{2E3C4212-D11F-4C86-BBE9-0E7E4AA3EE3D}.Release|Any CPU.ActiveCfg = Release|Any CPU
		{2E3C4212-D11F-4C86-BBE9-0E7E4AA3EE3D}.Release|Any CPU.Build.0 = Release|Any CPU
		{3947D764-F9B8-4A33-AA3D-B4CA502278C7}.Debug|Any CPU.ActiveCfg = Debug|Any CPU
		{3947D764-F9B8-4A33-AA3D-B4CA502278C7}.Debug|Any CPU.Build.0 = Debug|Any CPU
		{3947D764-F9B8-4A33-AA3D-B4CA502278C7}.Release|Any CPU.ActiveCfg = Release|Any CPU
		{3947D764-F9B8-4A33-AA3D-B4CA502278C7}.Release|Any CPU.Build.0 = Release|Any CPU
		{F860B058-A450-4BD7-8FAB-8FB80515353C}.Debug|Any CPU.ActiveCfg = Debug|Any CPU
		{F860B058-A450-4BD7-8FAB-8FB80515353C}.Debug|Any CPU.Build.0 = Debug|Any CPU
		{F860B058-A450-4BD7-8FAB-8FB80515353C}.Release|Any CPU.ActiveCfg = Release|Any CPU
		{F860B058-A450-4BD7-8FAB-8FB80515353C}.Release|Any CPU.Build.0 = Release|Any CPU
	EndGlobalSection
	GlobalSection(SolutionProperties) = preSolution
		HideSolutionNode = FALSE
	EndGlobalSection
	GlobalSection(ExtensibilityGlobals) = postSolution
		SolutionGuid = {61BB00C5-DA0F-4F93-8E82-B6AB8FE66EBB}
	EndGlobalSection
EndGlobal
